{
  "name": "glitch-hello-react",
  "version": "0.0.5",
  "lockfileVersion": 1,
  "requires": true,
  "dependencies": {
    "@vercel/build-utils": {
      "version": "5.5.4"
    },
    "@vercel/go": {
      "version": "2.2.12"
    },
    "@vercel/hydrogen": {
      "version": "0.0.25"
    },
    "@vercel/next": {
      "version": "3.2.3"
    },
    "@vercel/node": {
      "version": "2.5.22",
      "requires": {
        "@edge-runtime/vm": "1.1.0-beta.36",
        "@types/node": "*",
        "@vercel/build-utils": "5.5.4",
        "@vercel/node-bridge": "3.0.0",
        "@vercel/static-config": "2.0.3",
        "edge-runtime": "1.1.0-beta.37",
        "esbuild": "0.14.47",
        "exit-hook": "2.2.1",
        "node-fetch": "2.6.7",
        "ts-node": "8.9.1",
        "typescript": "4.3.4"
      }
    },
    "@vercel/python": {
      "version": "3.1.21"
    },
    "@vercel/redwood": {
      "version": "1.0.30",
      "requires": {
        "@vercel/nft": "0.22.1",
        "@vercel/routing-utils": "2.0.2",
        "semver": "6.1.1"
      }
    },
    "@vercel/remix": {
      "version": "1.0.31",
      "requires": {
        "@vercel/nft": "0.22.1"
      }
    },
    "@vercel/ruby": {
      "version": "1.3.38"
    },
    "@vercel/static-build": {
      "version": "1.0.30"
    },
    "@vitejs/plugin-react": {
      "version": "1.3.2",
      "requires": {
        "@babel/core": "^7.17.10",
        "@babel/plugin-transform-react-jsx": "^7.17.3",
        "@babel/plugin-transform-react-jsx-development": "^7.16.7",
        "@babel/plugin-transform-react-jsx-self": "^7.16.7",
        "@babel/plugin-transform-react-jsx-source": "^7.16.7",
        "@rollup/pluginutils": "^4.2.1",
        "react-refresh": "^0.13.0",
        "resolve": "^1.22.0"
      }
    },
    "react": {
      "version": "18.0.0",
      "requires": {
        "loose-envify": "^1.1.0"
      }
    },
    "react-dom": {
      "version": "18.0.0",
      "requires": {
        "loose-envify": "^1.1.0",
        "scheduler": "^0.21.0"
      }
    },
    "react-helmet-async": {
      "version": "1.3.0",
      "requires": {
        "@babel/runtime": "^7.12.5",
        "invariant": "^2.2.4",
        "prop-types": "^15.7.2",
        "react-fast-compare": "^3.2.0",
        "shallowequal": "^1.1.0"
      }
    },
    "react-spring": {
      "version": "9.4.5",
      "requires": {
        "@react-spring/core": "~9.4.5",
        "@react-spring/konva": "~9.4.5",
        "@react-spring/native": "~9.4.5",
        "@react-spring/three": "~9.4.5",
        "@react-spring/web": "~9.4.5",
        "@react-spring/zdog": "~9.4.5"
      }
    },
    "update-notifier": {
      "version": "5.1.0",
      "requires": {
        "boxen": "^5.0.0",
        "chalk": "^4.1.0",
        "configstore": "^5.0.1",
        "has-yarn": "^2.1.0",
        "import-lazy": "^2.1.0",
        "is-ci": "^2.0.0",
        "is-installed-globally": "^0.4.0",
        "is-npm": "^5.0.0",
        "is-yarn-global": "^0.3.0",
        "latest-version": "^5.1.0",
        "pupa": "^2.1.1",
        "semver": "^7.3.4",
        "semver-diff": "^3.1.1",
        "xdg-basedir": "^4.0.0"
      }
    },
    "vercel": {
      "version": "28.4.8",
      "resolved": "https://registry.npmjs.org/vercel/-/vercel-28.4.8.tgz",
      "integrity": "sha512-wl+6uslCe7E/USrxf8A9W8QcQmXx5YPxqR8WF9B+ijWySWHVA2Q1DqE9vS0xh35DfB8nnLkdPfTYOfwXFJKOfw==",
      "requires": {
        "@vercel/build-utils": "5.5.4",
        "@vercel/go": "2.2.12",
        "@vercel/hydrogen": "0.0.25",
        "@vercel/next": "3.2.3",
        "@vercel/node": "2.5.22",
        "@vercel/python": "3.1.21",
        "@vercel/redwood": "1.0.30",
        "@vercel/remix": "1.0.31",
        "@vercel/ruby": "1.3.38",
        "@vercel/static-build": "1.0.30",
        "update-notifier": "5.1.0"
      }
    },
    "vite": {
      "version": "2.7.13",
      "dev": true,
      "requires": {
        "esbuild": "^0.13.12",
        "fsevents": "~2.3.2",
        "postcss": "^8.4.5",
        "resolve": "^1.20.0",
        "rollup": "^2.59.0"
      }
    },
    "wouter": {
      "version": "2.7.5"
    }
  }
}
